
Microsoft Visual Studio Solution File, Format Version 12.00
# Visual Studio Version 16
VisualStudioVersion = 16.0.32413.511
MinimumVisualStudioVersion = 10.0.40219.1
Project("{FAE04EC0-301F-11D3-BF4B-00C04F79EFBC}") = "TheRichList", "TheRichList.csproj", "{2354139E-5DBC-43A2-8FA8-447870E8F2EC}"
EndProject
Global
	GlobalSection(SolutionConfigurationPlatforms) = preSolution
		Debug|Any CPU = Debug|Any CPU
		Release|Any CPU = Release|Any CPU
	EndGlobalSection
	GlobalSection(ProjectConfigurationPlatforms) = postSolution
		{2354139E-5DBC-43A2-8FA8-447870E8F2EC}.Debug|Any CPU.ActiveCfg = Debug|Any CPU
		{2354139E-5DBC-43A2-8FA8-447870E8F2EC}.Debug|Any CPU.Build.0 = Debug|Any CPU
		{2354139E-5DBC-43A2-8FA8-447870E8F2EC}.Release|Any CPU.ActiveCfg = Release|Any CPU
		{2354139E-5DBC-43A2-8FA8-447870E8F2EC}.Release|Any CPU.Build.0 = Release|Any CPU
	EndGlobalSection
	GlobalSection(SolutionProperties) = preSolution
		HideSolutionNode = FALSE
	EndGlobalSection
	GlobalSection(ExtensibilityGlobals) = postSolution
		SolutionGuid = {071DD06C-440B-46C0-8531-6BD6514BE56A}
	EndGlobalSection
EndGlobal
